
Microsoft Visual Studio Solution File, Format Version 12.00
# Visual Studio Version 17
VisualStudioVersion = 17.3.32901.215
MinimumVisualStudioVersion = 10.0.40219.1
Project("{FAE04EC0-301F-11D3-BF4B-00C04F79EFBC}") = "ekleme", "ekleme\ekleme.csproj", "{10FEAA2E-46F7-4B67-A0E4-CF0769F5EED9}"
EndProject
Global
	GlobalSection(SolutionConfigurationPlatforms) = preSolution
		Debug|Any CPU = Debug|Any CPU
		Release|Any CPU = Release|Any CPU
	EndGlobalSection
	GlobalSection(ProjectConfigurationPlatforms) = postSolution
		{10FEAA2E-46F7-4B67-A0E4-CF0769F5EED9}.Debug|Any CPU.ActiveCfg = Debug|Any CPU
		{10FEAA2E-46F7-4B67-A0E4-CF0769F5EED9}.Debug|Any CPU.Build.0 = Debug|Any CPU
		{10FEAA2E-46F7-4B67-A0E4-CF0769F5EED9}.Release|Any CPU.ActiveCfg = Release|Any CPU
		{10FEAA2E-46F7-4B67-A0E4-CF0769F5EED9}.Release|Any CPU.Build.0 = Release|Any CPU
	EndGlobalSection
	GlobalSection(SolutionProperties) = preSolution
		HideSolutionNode = FALSE
	EndGlobalSection
	GlobalSection(ExtensibilityGlobals) = postSolution
		SolutionGuid = {CCAAE394-DBBB-4F91-8FE7-7AC0E8F5A0E4}
	EndGlobalSection
EndGlobal
